// !$*UTF8*$!
{
	archiveVersion = 1;
	classes = {
	};
	objectVersion = 56;
	objects = {

/* Begin PBXBuildFile section */
		61DD54D02C1FB63600A6E64E /* LandMarksApp.swift in Sources */ = {isa = PBXBuildFile; fileRef = 61DD54CF2C1FB63600A6E64E /* LandMarksApp.swift */; };
		61DD54D22C1FB63600A6E64E /* ContentView.swift in Sources */ = {isa = PBXBuildFile; fileRef = 61DD54D12C1FB63600A6E64E /* ContentView.swift */; };
		61DD54D42C1FB63700A6E64E /* Assets.xcassets in Resources */ = {isa = PBXBuildFile; fileRef = 61DD54D32C1FB63700A6E64E /* Assets.xcassets */; };
		61DD54D72C1FB63700A6E64E /* Preview Assets.xcassets in Resources */ = {isa = PBXBuildFile; fileRef = 61DD54D62C1FB63700A6E64E /* Preview Assets.xcassets */; };
		61DD54E12C1FB63700A6E64E /* LandMarksTests.swift in Sources */ = {isa = PBXBuildFile; fileRef = 61DD54E02C1FB63700A6E64E /* LandMarksTests.swift */; };
		61DD54EB2C1FB63700A6E64E /* LandMarksUITests.swift in Sources */ = {isa = PBXBuildFile; fileRef = 61DD54EA2C1FB63700A6E64E /* LandMarksUITests.swift */; };
		61DD54ED2C1FB63700A6E64E /* LandMarksUITestsLaunchTests.swift in Sources */ = {isa = PBXBuildFile; fileRef = 61DD54EC2C1FB63700A6E64E /* LandMarksUITestsLaunchTests.swift */; };
		61DD54FA2C1FBC3C00A6E64E /* CircleImage.swift in Sources */ = {isa = PBXBuildFile; fileRef = 61DD54F92C1FBC3C00A6E64E /* CircleImage.swift */; };
		61DD54FC2C1FBF0700A6E64E /* MapView.swift in Sources */ = {isa = PBXBuildFile; fileRef = 61DD54FB2C1FBF0700A6E64E /* MapView.swift */; };
		61DD55022C1FC7D500A6E64E /* Landmark.swift in Sources */ = {isa = PBXBuildFile; fileRef = 61DD55012C1FC7D500A6E64E /* Landmark.swift */; };
		61DD55042C1FCA3500A6E64E /* ModelData.swift in Sources */ = {isa = PBXBuildFile; fileRef = 61DD55032C1FCA3500A6E64E /* ModelData.swift */; };
		61DD55092C1FCD9200A6E64E /* LandmarkRow.swift in Sources */ = {isa = PBXBuildFile; fileRef = 61DD55082C1FCD9200A6E64E /* LandmarkRow.swift */; };
		61DD550B2C1FD2E900A6E64E /* LandmarkList.swift in Sources */ = {isa = PBXBuildFile; fileRef = 61DD550A2C1FD2E900A6E64E /* LandmarkList.swift */; };
		61DD550D2C1FD69600A6E64E /* LandmarkDetail.swift in Sources */ = {isa = PBXBuildFile; fileRef = 61DD550C2C1FD69600A6E64E /* LandmarkDetail.swift */; };
		61DD550F2C1FE95B00A6E64E /* landmarkData.json in Resources */ = {isa = PBXBuildFile; fileRef = 61DD550E2C1FE95B00A6E64E /* landmarkData.json */; };
		61DD55112C1FF24A00A6E64E /* FavoriteButton.swift in Sources */ = {isa = PBXBuildFile; fileRef = 61DD55102C1FF24A00A6E64E /* FavoriteButton.swift */; };
/* End PBXBuildFile section */

/* Begin PBXContainerItemProxy section */
		61DD54DD2C1FB63700A6E64E /* PBXContainerItemProxy */ = {
			isa = PBXContainerItemProxy;
			containerPortal = 61DD54C42C1FB63600A6E64E /* Project object */;
			proxyType = 1;
			remoteGlobalIDString = 61DD54CB2C1FB63600A6E64E;
			remoteInfo = LandMarks;
		};
		61DD54E72C1FB63700A6E64E /* PBXContainerItemProxy */ = {
			isa = PBXContainerItemProxy;
			containerPortal = 61DD54C42C1FB63600A6E64E /* Project object */;
			proxyType = 1;
			remoteGlobalIDString = 61DD54CB2C1FB63600A6E64E;
			remoteInfo = LandMarks;
		};
/* End PBXContainerItemProxy section */

/* Begin PBXFileReference section */
		61DD54CC2C1FB63600A6E64E /* LandMarks.app */ = {isa = PBXFileReference; explicitFileType = wrapper.application; includeInIndex = 0; path = LandMarks.app; sourceTree = BUILT_PRODUCTS_DIR; };
		61DD54CF2C1FB63600A6E64E /* LandMarksApp.swift */ = {isa = PBXFileReference; lastKnownFileType = sourcecode.swift; path = LandMarksApp.swift; sourceTree = "<group>"; };
		61DD54D12C1FB63600A6E64E /* ContentView.swift */ = {isa = PBXFileReference; lastKnownFileType = sourcecode.swift; path = ContentView.swift; sourceTree = "<group>"; };
		61DD54D32C1FB63700A6E64E /* Assets.xcassets */ = {isa = PBXFileReference; lastKnownFileType = folder.assetcatalog; path = Assets.xcassets; sourceTree = "<group>"; };
		61DD54D62C1FB63700A6E64E /* Preview Assets.xcassets */ = {isa = PBXFileReference; lastKnownFileType = folder.assetcatalog; path = "Preview Assets.xcassets"; sourceTree = "<group>"; };
		61DD54DC2C1FB63700A6E64E /* LandMarksTests.xctest */ = {isa = PBXFileReference; explicitFileType = wrapper.cfbundle; includeInIndex = 0; path = LandMarksTests.xctest; sourceTree = BUILT_PRODUCTS_DIR; };
		61DD54E02C1FB63700A6E64E /* LandMarksTests.swift */ = {isa = PBXFileReference; lastKnownFileType = sourcecode.swift; path = LandMarksTests.swift; sourceTree = "<group>"; };
		61DD54E62C1FB63700A6E64E /* LandMarksUITests.xctest */ = {isa = PBXFileReference; explicitFileType = wrapper.cfbundle; includeInIndex = 0; path = LandMarksUITests.xctest; sourceTree = BUILT_PRODUCTS_DIR; };
		61DD54EA2C1FB63700A6E64E /* LandMarksUITests.swift */ = {isa = PBXFileReference; lastKnownFileType = sourcecode.swift; path = LandMarksUITests.swift; sourceTree = "<group>"; };
		61DD54EC2C1FB63700A6E64E /* LandMarksUITestsLaunchTests.swift */ = {isa = PBXFileReference; lastKnownFileType = sourcecode.swift; path = LandMarksUITestsLaunchTests.swift; sourceTree = "<group>"; };
		61DD54F92C1FBC3C00A6E64E /* CircleImage.swift */ = {isa = PBXFileReference; lastKnownFileType = sourcecode.swift; path = CircleImage.swift; sourceTree = "<group>"; };
		61DD54FB2C1FBF0700A6E64E /* MapView.swift */ = {isa = PBXFileReference; lastKnownFileType = sourcecode.swift; path = MapView.swift; sourceTree = "<group>"; };
		61DD55012C1FC7D500A6E64E /* Landmark.swift */ = {isa = PBXFileReference; lastKnownFileType = sourcecode.swift; path = Landmark.swift; sourceTree = "<group>"; };
		61DD55032C1FCA3500A6E64E /* ModelData.swift */ = {isa = PBXFileReference; lastKnownFileType = sourcecode.swift; path = ModelData.swift; sourceTree = "<group>"; };
		61DD55082C1FCD9200A6E64E /* LandmarkRow.swift */ = {isa = PBXFileReference; lastKnownFileType = sourcecode.swift; path = LandmarkRow.swift; sourceTree = "<group>"; };
		61DD550A2C1FD2E900A6E64E /* LandmarkList.swift */ = {isa = PBXFileReference; lastKnownFileType = sourcecode.swift; path = LandmarkList.swift; sourceTree = "<group>"; };
		61DD550C2C1FD69600A6E64E /* LandmarkDetail.swift */ = {isa = PBXFileReference; lastKnownFileType = sourcecode.swift; path = LandmarkDetail.swift; sourceTree = "<group>"; };
		61DD550E2C1FE95B00A6E64E /* landmarkData.json */ = {isa = PBXFileReference; fileEncoding = 4; lastKnownFileType = text.json; name = landmarkData.json; path = "../../../../../../../Downloads/SwiftUI Tutorial Resources/HandlingUserInput/StartingPoint/Landmarks/Resources/landmarkData.json"; sourceTree = "<group>"; };
		61DD55102C1FF24A00A6E64E /* FavoriteButton.swift */ = {isa = PBXFileReference; lastKnownFileType = sourcecode.swift; path = FavoriteButton.swift; sourceTree = "<group>"; };
/* End PBXFileReference section */

/* Begin PBXFrameworksBuildPhase section */
		61DD54C92C1FB63600A6E64E /* Frameworks */ = {
			isa = PBXFrameworksBuildPhase;
			buildActionMask = 2147483647;
			files = (
			);
			runOnlyForDeploymentPostprocessing = 0;
		};
		61DD54D92C1FB63700A6E64E /* Frameworks */ = {
			isa = PBXFrameworksBuildPhase;
			buildActionMask = 2147483647;
			files = (
			);
			runOnlyForDeploymentPostprocessing = 0;
		};
		61DD54E32C1FB63700A6E64E /* Frameworks */ = {
			isa = PBXFrameworksBuildPhase;
			buildActionMask = 2147483647;
			files = (
			);
			runOnlyForDeploymentPostprocessing = 0;
		};
/* End PBXFrameworksBuildPhase section */

/* Begin PBXGroup section */
		61DD54C32C1FB63600A6E64E = {
			isa = PBXGroup;
			children = (
				61DD54CE2C1FB63600A6E64E /* LandMarks */,
				61DD54DF2C1FB63700A6E64E /* LandMarksTests */,
				61DD54E92C1FB63700A6E64E /* LandMarksUITests */,
				61DD54CD2C1FB63600A6E64E /* Products */,
			);
			sourceTree = "<group>";
		};
		61DD54CD2C1FB63600A6E64E /* Products */ = {
			isa = PBXGroup;
			children = (
				61DD54CC2C1FB63600A6E64E /* LandMarks.app */,
				61DD54DC2C1FB63700A6E64E /* LandMarksTests.xctest */,
				61DD54E62C1FB63700A6E64E /* LandMarksUITests.xctest */,
			);
			name = Products;
			sourceTree = "<group>";
		};
		61DD54CE2C1FB63600A6E64E /* LandMarks */ = {
			isa = PBXGroup;
			children = (
				61DD55072C1FCC9F00A6E64E /* Resources */,
				61DD55062C1FCC8100A6E64E /* Model */,
				61DD55052C1FCC6200A6E64E /* Views */,
				61DD54CF2C1FB63600A6E64E /* LandMarksApp.swift */,
				61DD54D32C1FB63700A6E64E /* Assets.xcassets */,
				61DD54D52C1FB63700A6E64E /* Preview Content */,
			);
			path = LandMarks;
			sourceTree = "<group>";
		};
		61DD54D52C1FB63700A6E64E /* Preview Content */ = {
			isa = PBXGroup;
			children = (
				61DD54D62C1FB63700A6E64E /* Preview Assets.xcassets */,
			);
			path = "Preview Content";
			sourceTree = "<group>";
		};
		61DD54DF2C1FB63700A6E64E /* LandMarksTests */ = {
			isa = PBXGroup;
			children = (
				61DD54E02C1FB63700A6E64E /* LandMarksTests.swift */,
			);
			path = LandMarksTests;
			sourceTree = "<group>";
		};
		61DD54E92C1FB63700A6E64E /* LandMarksUITests */ = {
			isa = PBXGroup;
			children = (
				61DD54EA2C1FB63700A6E64E /* LandMarksUITests.swift */,
				61DD54EC2C1FB63700A6E64E /* LandMarksUITestsLaunchTests.swift */,
			);
			path = LandMarksUITests;
			sourceTree = "<group>";
		};
		61DD55052C1FCC6200A6E64E /* Views */ = {
			isa = PBXGroup;
			children = (
				61DD55132C1FF38500A6E64E /* Helpers */,
				61DD55122C1FF36E00A6E64E /* Landmarks */,
				61DD54D12C1FB63600A6E64E /* ContentView.swift */,
			);
			path = Views;
			sourceTree = "<group>";
		};
		61DD55062C1FCC8100A6E64E /* Model */ = {
			isa = PBXGroup;
			children = (
				61DD55012C1FC7D500A6E64E /* Landmark.swift */,
				61DD55032C1FCA3500A6E64E /* ModelData.swift */,
			);
			path = Model;
			sourceTree = "<group>";
		};
		61DD55072C1FCC9F00A6E64E /* Resources */ = {
			isa = PBXGroup;
			children = (
				61DD550E2C1FE95B00A6E64E /* landmarkData.json */,
			);
			path = Resources;
			sourceTree = "<group>";
		};
		61DD55122C1FF36E00A6E64E /* Landmarks */ = {
			isa = PBXGroup;
			children = (
				61DD55082C1FCD9200A6E64E /* LandmarkRow.swift */,
				61DD550A2C1FD2E900A6E64E /* LandmarkList.swift */,
				61DD550C2C1FD69600A6E64E /* LandmarkDetail.swift */,
			);
			path = Landmarks;
			sourceTree = "<group>";
		};
		61DD55132C1FF38500A6E64E /* Helpers */ = {
			isa = PBXGroup;
			children = (
				61DD54F92C1FBC3C00A6E64E /* CircleImage.swift */,
				61DD54FB2C1FBF0700A6E64E /* MapView.swift */,
				61DD55102C1FF24A00A6E64E /* FavoriteButton.swift */,
			);
			path = Helpers;
			sourceTree = "<group>";
		};
/* End PBXGroup section */

/* Begin PBXNativeTarget section */
		61DD54CB2C1FB63600A6E64E /* LandMarks */ = {
			isa = PBXNativeTarget;
			buildConfigurationList = 61DD54F02C1FB63700A6E64E /* Build configuration list for PBXNativeTarget "LandMarks" */;
			buildPhases = (
				61DD54C82C1FB63600A6E64E /* Sources */,
				61DD54C92C1FB63600A6E64E /* Frameworks */,
				61DD54CA2C1FB63600A6E64E /* Resources */,
			);
			buildRules = (
			);
			dependencies = (
			);
			name = LandMarks;
			productName = LandMarks;
			productReference = 61DD54CC2C1FB63600A6E64E /* LandMarks.app */;
			productType = "com.apple.product-type.application";
		};
		61DD54DB2C1FB63700A6E64E /* LandMarksTests */ = {
			isa = PBXNativeTarget;
			buildConfigurationList = 61DD54F32C1FB63700A6E64E /* Build configuration list for PBXNativeTarget "LandMarksTests" */;
			buildPhases = (
				61DD54D82C1FB63700A6E64E /* Sources */,
				61DD54D92C1FB63700A6E64E /* Frameworks */,
				61DD54DA2C1FB63700A6E64E /* Resources */,
			);
			buildRules = (
			);
			dependencies = (
				61DD54DE2C1FB63700A6E64E /* PBXTargetDependency */,
			);
			name = LandMarksTests;
			productName = LandMarksTests;
			productReference = 61DD54DC2C1FB63700A6E64E /* LandMarksTests.xctest */;
			productType = "com.apple.product-type.bundle.unit-test";
		};
		61DD54E52C1FB63700A6E64E /* LandMarksUITests */ = {
			isa = PBXNativeTarget;
			buildConfigurationList = 61DD54F62C1FB63700A6E64E /* Build configuration list for PBXNativeTarget "LandMarksUITests" */;
			buildPhases = (
				61DD54E22C1FB63700A6E64E /* Sources */,
				61DD54E32C1FB63700A6E64E /* Frameworks */,
				61DD54E42C1FB63700A6E64E /* Resources */,
			);
			buildRules = (
			);
			dependencies = (
				61DD54E82C1FB63700A6E64E /* PBXTargetDependency */,
			);
			name = LandMarksUITests;
			productName = LandMarksUITests;
			productReference = 61DD54E62C1FB63700A6E64E /* LandMarksUITests.xctest */;
			productType = "com.apple.product-type.bundle.ui-testing";
		};
/* End PBXNativeTarget section */

/* Begin PBXProject section */
		61DD54C42C1FB63600A6E64E /* Project object */ = {
			isa = PBXProject;
			attributes = {
				BuildIndependentTargetsInParallel = 1;
				LastSwiftUpdateCheck = 1540;
				LastUpgradeCheck = 1540;
				TargetAttributes = {
					61DD54CB2C1FB63600A6E64E = {
						CreatedOnToolsVersion = 15.4;
					};
					61DD54DB2C1FB63700A6E64E = {
						CreatedOnToolsVersion = 15.4;
						TestTargetID = 61DD54CB2C1FB63600A6E64E;
					};
					61DD54E52C1FB63700A6E64E = {
						CreatedOnToolsVersion = 15.4;
						TestTargetID = 61DD54CB2C1FB63600A6E64E;
					};
				};
			};
			buildConfigurationList = 61DD54C72C1FB63600A6E64E /* Build configuration list for PBXProject "LandMarks" */;
			compatibilityVersion = "Xcode 14.0";
			developmentRegion = en;
			hasScannedForEncodings = 0;
			knownRegions = (
				en,
				Base,
			);
			mainGroup = 61DD54C32C1FB63600A6E64E;
			productRefGroup = 61DD54CD2C1FB63600A6E64E /* Products */;
			projectDirPath = "";
			projectRoot = "";
			targets = (
				61DD54CB2C1FB63600A6E64E /* LandMarks */,
				61DD54DB2C1FB63700A6E64E /* LandMarksTests */,
				61DD54E52C1FB63700A6E64E /* LandMarksUITests */,
			);
		};
/* End PBXProject section */

/* Begin PBXResourcesBuildPhase section */
		61DD54CA2C1FB63600A6E64E /* Resources */ = {
			isa = PBXResourcesBuildPhase;
			buildActionMask = 2147483647;
			files = (
				61DD54D72C1FB63700A6E64E /* Preview Assets.xcassets in Resources */,
				61DD550F2C1FE95B00A6E64E /* landmarkData.json in Resources */,
				61DD54D42C1FB63700A6E64E /* Assets.xcassets in Resources */,
			);
			runOnlyForDeploymentPostprocessing = 0;
		};
		61DD54DA2C1FB63700A6E64E /* Resources */ = {
			isa = PBXResourcesBuildPhase;
			buildActionMask = 2147483647;
			files = (
			);
			runOnlyForDeploymentPostprocessing = 0;
		};
		61DD54E42C1FB63700A6E64E /* Resources */ = {
			isa = PBXResourcesBuildPhase;
			buildActionMask = 2147483647;
			files = (
			);
			runOnlyForDeploymentPostprocessing = 0;
		};
/* End PBXResourcesBuildPhase section */

/* Begin PBXSourcesBuildPhase section */
		61DD54C82C1FB63600A6E64E /* Sources */ = {
			isa = PBXSourcesBuildPhase;
			buildActionMask = 2147483647;
			files = (
				61DD54D22C1FB63600A6E64E /* ContentView.swift in Sources */,
				61DD54FC2C1FBF0700A6E64E /* MapView.swift in Sources */,
				61DD54D02C1FB63600A6E64E /* LandMarksApp.swift in Sources */,
				61DD55112C1FF24A00A6E64E /* FavoriteButton.swift in Sources */,
				61DD550B2C1FD2E900A6E64E /* LandmarkList.swift in Sources */,
				61DD550D2C1FD69600A6E64E /* LandmarkDetail.swift in Sources */,
				61DD54FA2C1FBC3C00A6E64E /* CircleImage.swift in Sources */,
				61DD55022C1FC7D500A6E64E /* Landmark.swift in Sources */,
				61DD55092C1FCD9200A6E64E /* LandmarkRow.swift in Sources */,
				61DD55042C1FCA3500A6E64E /* ModelData.swift in Sources */,
			);
			runOnlyForDeploymentPostprocessing = 0;
		};
		61DD54D82C1FB63700A6E64E /* Sources */ = {
			isa = PBXSourcesBuildPhase;
			buildActionMask = 2147483647;
			files = (
				61DD54E12C1FB63700A6E64E /* LandMarksTests.swift in Sources */,
			);
			runOnlyForDeploymentPostprocessing = 0;
		};
		61DD54E22C1FB63700A6E64E /* Sources */ = {
			isa = PBXSourcesBuildPhase;
			buildActionMask = 2147483647;
			files = (
				61DD54ED2C1FB63700A6E64E /* LandMarksUITestsLaunchTests.swift in Sources */,
				61DD54EB2C1FB63700A6E64E /* LandMarksUITests.swift in Sources */,
			);
			runOnlyForDeploymentPostprocessing = 0;
		};
/* End PBXSourcesBuildPhase section */

/* Begin PBXTargetDependency section */
		61DD54DE2C1FB63700A6E64E /* PBXTargetDependency */ = {
			isa = PBXTargetDependency;
			target = 61DD54CB2C1FB63600A6E64E /* LandMarks */;
			targetProxy = 61DD54DD2C1FB63700A6E64E /* PBXContainerItemProxy */;
		};
		61DD54E82C1FB63700A6E64E /* PBXTargetDependency */ = {
			isa = PBXTargetDependency;
			target = 61DD54CB2C1FB63600A6E64E /* LandMarks */;
			targetProxy = 61DD54E72C1FB63700A6E64E /* PBXContainerItemProxy */;
		};
/* End PBXTargetDependency section */

/* Begin XCBuildConfiguration section */
		61DD54EE2C1FB63700A6E64E /* Debug */ = {
			isa = XCBuildConfiguration;
			buildSettings = {
				ALWAYS_SEARCH_USER_PATHS = NO;
				ASSETCATALOG_COMPILER_GENERATE_SWIFT_ASSET_SYMBOL_EXTENSIONS = YES;
				CLANG_ANALYZER_NONNULL = YES;
				CLANG_ANALYZER_NUMBER_OBJECT_CONVERSION = YES_AGGRESSIVE;
				CLANG_CXX_LANGUAGE_STANDARD = "gnu++20";
				CLANG_ENABLE_MODULES = YES;
				CLANG_ENABLE_OBJC_ARC = YES;
				CLANG_ENABLE_OBJC_WEAK = YES;
				CLANG_WARN_BLOCK_CAPTURE_AUTORELEASING = YES;
				CLANG_WARN_BOOL_CONVERSION = YES;
				CLANG_WARN_COMMA = YES;
				CLANG_WARN_CONSTANT_CONVERSION = YES;
				CLANG_WARN_DEPRECATED_OBJC_IMPLEMENTATIONS = YES;
				CLANG_WARN_DIRECT_OBJC_ISA_USAGE = YES_ERROR;
				CLANG_WARN_DOCUMENTATION_COMMENTS = YES;
				CLANG_WARN_EMPTY_BODY = YES;
				CLANG_WARN_ENUM_CONVERSION = YES;
				CLANG_WARN_INFINITE_RECURSION = YES;
				CLANG_WARN_INT_CONVERSION = YES;
				CLANG_WARN_NON_LITERAL_NULL_CONVERSION = YES;
				CLANG_WARN_OBJC_IMPLICIT_RETAIN_SELF = YES;
				CLANG_WARN_OBJC_LITERAL_CONVERSION = YES;
				CLANG_WARN_OBJC_ROOT_CLASS = YES_ERROR;
				CLANG_WARN_QUOTED_INCLUDE_IN_FRAMEWORK_HEADER = YES;
				CLANG_WARN_RANGE_LOOP_ANALYSIS = YES;
				CLANG_WARN_STRICT_PROTOTYPES = YES;
				CLANG_WARN_SUSPICIOUS_MOVE = YES;
				CLANG_WARN_UNGUARDED_AVAILABILITY = YES_AGGRESSIVE;
				CLANG_WARN_UNREACHABLE_CODE = YES;
				CLANG_WARN__DUPLICATE_METHOD_MATCH = YES;
				COPY_PHASE_STRIP = NO;
				DEBUG_INFORMATION_FORMAT = dwarf;
				ENABLE_STRICT_OBJC_MSGSEND = YES;
				ENABLE_TESTABILITY = YES;
				ENABLE_USER_SCRIPT_SANDBOXING = YES;
				GCC_C_LANGUAGE_STANDARD = gnu17;
				GCC_DYNAMIC_NO_PIC = NO;
				GCC_NO_COMMON_BLOCKS = YES;
				GCC_OPTIMIZATION_LEVEL = 0;
				GCC_PREPROCESSOR_DEFINITIONS = (
					"DEBUG=1",
					"$(inherited)",
				);
				GCC_WARN_64_TO_32_BIT_CONVERSION = YES;
				GCC_WARN_ABOUT_RETURN_TYPE = YES_ERROR;
				GCC_WARN_UNDECLARED_SELECTOR = YES;
				GCC_WARN_UNINITIALIZED_AUTOS = YES_AGGRESSIVE;
				GCC_WARN_UNUSED_FUNCTION = YES;
				GCC_WARN_UNUSED_VARIABLE = YES;
				IPHONEOS_DEPLOYMENT_TARGET = 17.5;
				LOCALIZATION_PREFERS_STRING_CATALOGS = YES;
				MTL_ENABLE_DEBUG_INFO = INCLUDE_SOURCE;
				MTL_FAST_MATH = YES;
				ONLY_ACTIVE_ARCH = YES;
				SDKROOT = iphoneos;
				SWIFT_ACTIVE_COMPILATION_CONDITIONS = "DEBUG $(inherited)";
				SWIFT_OPTIMIZATION_LEVEL = "-Onone";
			};
			name = Debug;
		};
		61DD54EF2C1FB63700A6E64E /* Release */ = {
			isa = XCBuildConfiguration;
			buildSettings = {
				ALWAYS_SEARCH_USER_PATHS = NO;
				ASSETCATALOG_COMPILER_GENERATE_SWIFT_ASSET_SYMBOL_EXTENSIONS = YES;
				CLANG_ANALYZER_NONNULL = YES;
				CLANG_ANALYZER_NUMBER_OBJECT_CONVERSION = YES_AGGRESSIVE;
				CLANG_CXX_LANGUAGE_STANDARD = "gnu++20";
				CLANG_ENABLE_MODULES = YES;
				CLANG_ENABLE_OBJC_ARC = YES;
				CLANG_ENABLE_OBJC_WEAK = YES;
				CLANG_WARN_BLOCK_CAPTURE_AUTORELEASING = YES;
				CLANG_WARN_BOOL_CONVERSION = YES;
				CLANG_WARN_COMMA = YES;
				CLANG_WARN_CONSTANT_CONVERSION = YES;
				CLANG_WARN_DEPRECATED_OBJC_IMPLEMENTATIONS = YES;
				CLANG_WARN_DIRECT_OBJC_ISA_USAGE = YES_ERROR;
				CLANG_WARN_DOCUMENTATION_COMMENTS = YES;
				CLANG_WARN_EMPTY_BODY = YES;
				CLANG_WARN_ENUM_CONVERSION = YES;
				CLANG_WARN_INFINITE_RECURSION = YES;
				CLANG_WARN_INT_CONVERSION = YES;
				CLANG_WARN_NON_LITERAL_NULL_CONVERSION = YES;
				CLANG_WARN_OBJC_IMPLICIT_RETAIN_SELF = YES;
				CLANG_WARN_OBJC_LITERAL_CONVERSION = YES;
				CLANG_WARN_OBJC_ROOT_CLASS = YES_ERROR;
				CLANG_WARN_QUOTED_INCLUDE_IN_FRAMEWORK_HEADER = YES;
				CLANG_WARN_RANGE_LOOP_ANALYSIS = YES;
				CLANG_WARN_STRICT_PROTOTYPES = YES;
				CLANG_WARN_SUSPICIOUS_MOVE = YES;
				CLANG_WARN_UNGUARDED_AVAILABILITY = YES_AGGRESSIVE;
				CLANG_WARN_UNREACHABLE_CODE = YES;
				CLANG_WARN__DUPLICATE_METHOD_MATCH = YES;
				COPY_PHASE_STRIP = NO;
				DEBUG_INFORMATION_FORMAT = "dwarf-with-dsym";
				ENABLE_NS_ASSERTIONS = NO;
				ENABLE_STRICT_OBJC_MSGSEND = YES;
				ENABLE_USER_SCRIPT_SANDBOXING = YES;
				GCC_C_LANGUAGE_STANDARD = gnu17;
				GCC_NO_COMMON_BLOCKS = YES;
				GCC_WARN_64_TO_32_BIT_CONVERSION = YES;
				GCC_WARN_ABOUT_RETURN_TYPE = YES_ERROR;
				GCC_WARN_UNDECLARED_SELECTOR = YES;
				GCC_WARN_UNINITIALIZED_AUTOS = YES_AGGRESSIVE;
				GCC_WARN_UNUSED_FUNCTION = YES;
				GCC_WARN_UNUSED_VARIABLE = YES;
				IPHONEOS_DEPLOYMENT_TARGET = 17.5;
				LOCALIZATION_PREFERS_STRING_CATALOGS = YES;
				MTL_ENABLE_DEBUG_INFO = NO;
				MTL_FAST_MATH = YES;
				SDKROOT = iphoneos;
				SWIFT_COMPILATION_MODE = wholemodule;
				VALIDATE_PRODUCT = YES;
			};
			name = Release;
		};
		61DD54F12C1FB63700A6E64E /* Debug */ = {
			isa = XCBuildConfiguration;
			buildSettings = {
				ASSETCATALOG_COMPILER_APPICON_NAME = AppIcon;
				ASSETCATALOG_COMPILER_GLOBAL_ACCENT_COLOR_NAME = AccentColor;
				CODE_SIGN_STYLE = Automatic;
				CURRENT_PROJECT_VERSION = 1;
				DEVELOPMENT_ASSET_PATHS = "\"LandMarks/Preview Content\"";
				DEVELOPMENT_TEAM = SBR6R898LC;
				ENABLE_PREVIEWS = YES;
				GENERATE_INFOPLIST_FILE = YES;
				INFOPLIST_KEY_UIApplicationSceneManifest_Generation = YES;
				INFOPLIST_KEY_UIApplicationSupportsIndirectInputEvents = YES;
				INFOPLIST_KEY_UILaunchScreen_Generation = YES;
				INFOPLIST_KEY_UISupportedInterfaceOrientations_iPad = "UIInterfaceOrientationPortrait UIInterfaceOrientationPortraitUpsideDown UIInterfaceOrientationLandscapeLeft UIInterfaceOrientationLandscapeRight";
				INFOPLIST_KEY_UISupportedInterfaceOrientations_iPhone = "UIInterfaceOrientationPortrait UIInterfaceOrientationLandscapeLeft UIInterfaceOrientationLandscapeRight";
				LD_RUNPATH_SEARCH_PATHS = (
					"$(inherited)",
					"@executable_path/Frameworks",
				);
				MARKETING_VERSION = 1.0;
				PRODUCT_BUNDLE_IDENTIFIER = personal.meet.LandMarks;
				PRODUCT_NAME = "$(TARGET_NAME)";
				SWIFT_EMIT_LOC_STRINGS = YES;
				SWIFT_VERSION = 5.0;
				TARGETED_DEVICE_FAMILY = "1,2";
			};
			name = Debug;
		};
		61DD54F22C1FB63700A6E64E /* Release */ = {
			isa = XCBuildConfiguration;
			buildSettings = {
				ASSETCATALOG_COMPILER_APPICON_NAME = AppIcon;
				ASSETCATALOG_COMPILER_GLOBAL_ACCENT_COLOR_NAME = AccentColor;
				CODE_SIGN_STYLE = Automatic;
				CURRENT_PROJECT_VERSION = 1;
				DEVELOPMENT_ASSET_PATHS = "\"LandMarks/Preview Content\"";
				DEVELOPMENT_TEAM = SBR6R898LC;
				ENABLE_PREVIEWS = YES;
				GENERATE_INFOPLIST_FILE = YES;
				INFOPLIST_KEY_UIApplicationSceneManifest_Generation = YES;
				INFOPLIST_KEY_UIApplicationSupportsIndirectInputEvents = YES;
				INFOPLIST_KEY_UILaunchScreen_Generation = YES;
				INFOPLIST_KEY_UISupportedInterfaceOrientations_iPad = "UIInterfaceOrientationPortrait UIInterfaceOrientationPortraitUpsideDown UIInterfaceOrientationLandscapeLeft UIInterfaceOrientationLandscapeRight";
				INFOPLIST_KEY_UISupportedInterfaceOrientations_iPhone = "UIInterfaceOrientationPortrait UIInterfaceOrientationLandscapeLeft UIInterfaceOrientationLandscapeRight";
				LD_RUNPATH_SEARCH_PATHS = (
					"$(inherited)",
					"@executable_path/Frameworks",
				);
				MARKETING_VERSION = 1.0;
				PRODUCT_BUNDLE_IDENTIFIER = personal.meet.LandMarks;
				PRODUCT_NAME = "$(TARGET_NAME)";
				SWIFT_EMIT_LOC_STRINGS = YES;
				SWIFT_VERSION = 5.0;
				TARGETED_DEVICE_FAMILY = "1,2";
			};
			name = Release;
		};
		61DD54F42C1FB63700A6E64E /* Debug */ = {
			isa = XCBuildConfiguration;
			buildSettings = {
				ALWAYS_EMBED_SWIFT_STANDARD_LIBRARIES = YES;
				BUNDLE_LOADER = "$(TEST_HOST)";
				CODE_SIGN_STYLE = Automatic;
				CURRENT_PROJECT_VERSION = 1;
				GENERATE_INFOPLIST_FILE = YES;
				IPHONEOS_DEPLOYMENT_TARGET = 17.5;
				MARKETING_VERSION = 1.0;
				PRODUCT_BUNDLE_IDENTIFIER = personal.LandMarksTests;
				PRODUCT_NAME = "$(TARGET_NAME)";
				SWIFT_EMIT_LOC_STRINGS = NO;
				SWIFT_VERSION = 5.0;
				TARGETED_DEVICE_FAMILY = "1,2";
				TEST_HOST = "$(BUILT_PRODUCTS_DIR)/LandMarks.app/$(BUNDLE_EXECUTABLE_FOLDER_PATH)/LandMarks";
			};
			name = Debug;
		};
		61DD54F52C1FB63700A6E64E /* Release */ = {
			isa = XCBuildConfiguration;
			buildSettings = {
				ALWAYS_EMBED_SWIFT_STANDARD_LIBRARIES = YES;
				BUNDLE_LOADER = "$(TEST_HOST)";
				CODE_SIGN_STYLE = Automatic;
				CURRENT_PROJECT_VERSION = 1;
				GENERATE_INFOPLIST_FILE = YES;
				IPHONEOS_DEPLOYMENT_TARGET = 17.5;
				MARKETING_VERSION = 1.0;
				PRODUCT_BUNDLE_IDENTIFIER = personal.LandMarksTests;
				PRODUCT_NAME = "$(TARGET_NAME)";
				SWIFT_EMIT_LOC_STRINGS = NO;
				SWIFT_VERSION = 5.0;
				TARGETED_DEVICE_FAMILY = "1,2";
				TEST_HOST = "$(BUILT_PRODUCTS_DIR)/LandMarks.app/$(BUNDLE_EXECUTABLE_FOLDER_PATH)/LandMarks";
			};
			name = Release;
		};
		61DD54F72C1FB63700A6E64E /* Debug */ = {
			isa = XCBuildConfiguration;
			buildSettings = {
				ALWAYS_EMBED_SWIFT_STANDARD_LIBRARIES = YES;
				CODE_SIGN_STYLE = Automatic;
				CURRENT_PROJECT_VERSION = 1;
				GENERATE_INFOPLIST_FILE = YES;
				MARKETING_VERSION = 1.0;
				PRODUCT_BUNDLE_IDENTIFIER = personal.LandMarksUITests;
				PRODUCT_NAME = "$(TARGET_NAME)";
				SWIFT_EMIT_LOC_STRINGS = NO;
				SWIFT_VERSION = 5.0;
				TARGETED_DEVICE_FAMILY = "1,2";
				TEST_TARGET_NAME = LandMarks;
			};
			name = Debug;
		};
		61DD54F82C1FB63700A6E64E /* Release */ = {
			isa = XCBuildConfiguration;
			buildSettings = {
				ALWAYS_EMBED_SWIFT_STANDARD_LIBRARIES = YES;
				CODE_SIGN_STYLE = Automatic;
				CURRENT_PROJECT_VERSION = 1;
				GENERATE_INFOPLIST_FILE = YES;
				MARKETING_VERSION = 1.0;
				PRODUCT_BUNDLE_IDENTIFIER = personal.LandMarksUITests;
				PRODUCT_NAME = "$(TARGET_NAME)";
				SWIFT_EMIT_LOC_STRINGS = NO;
				SWIFT_VERSION = 5.0;
				TARGETED_DEVICE_FAMILY = "1,2";
				TEST_TARGET_NAME = LandMarks;
			};
			name = Release;
		};
/* End XCBuildConfiguration section */

/* Begin XCConfigurationList section */
		61DD54C72C1FB63600A6E64E /* Build configuration list for PBXProject "LandMarks" */ = {
			isa = XCConfigurationList;
			buildConfigurations = (
				61DD54EE2C1FB63700A6E64E /* Debug */,
				61DD54EF2C1FB63700A6E64E /* Release */,
			);
			defaultConfigurationIsVisible = 0;
			defaultConfigurationName = Release;
		};
		61DD54F02C1FB63700A6E64E /* Build configuration list for PBXNativeTarget "LandMarks" */ = {
			isa = XCConfigurationList;
			buildConfigurations = (
				61DD54F12C1FB63700A6E64E /* Debug */,
				61DD54F22C1FB63700A6E64E /* Release */,
			);
			defaultConfigurationIsVisible = 0;
			defaultConfigurationName = Release;
		};
		61DD54F32C1FB63700A6E64E /* Build configuration list for PBXNativeTarget "LandMarksTests" */ = {
			isa = XCConfigurationList;
			buildConfigurations = (
				61DD54F42C1FB63700A6E64E /* Debug */,
				61DD54F52C1FB63700A6E64E /* Release */,
			);
			defaultConfigurationIsVisible = 0;
			defaultConfigurationName = Release;
		};
		61DD54F62C1FB63700A6E64E /* Build configuration list for PBXNativeTarget "LandMarksUITests" */ = {
			isa = XCConfigurationList;
			buildConfigurations = (
				61DD54F72C1FB63700A6E64E /* Debug */,
				61DD54F82C1FB63700A6E64E /* Release */,
			);
			defaultConfigurationIsVisible = 0;
			defaultConfigurationName = Release;
		};
/* End XCConfigurationList section */
	};
	rootObject = 61DD54C42C1FB63600A6E64E /* Project object */;
}
